version: 1
packages:
  git:https://github.com/flaviostutz/xdrs-core.git@main: 875b3570138a
sets:
  - package: git:https://github.com/flaviostutz/xdrs-core.git@main
    selector: {}
files:
  .:
    - .xdrs/_core/adrs/principles/articles/.assets/001-xdrs-overview-slides.md|xdrs-core|0.28.0|file|d4071aa47a37|0
    - .agents/skills/001-review|https://github.com/flaviostutz/xdrs-core.git|646c0bd51d1a|symlink|18c5f3a037d4|0
    - .agents/skills/008-write-xdrs-doc|https://github.com/flaviostutz/xdrs-core.git|646c0bd51d1a|symlink|c3a23ff52f24|0
    - AGENTS.md|https://github.com/flaviostutz/xdrs-core.git|a2ad3c3fe37c|file|4957a7502eef|0
    - .xdrs/_core/adrs/principles/004-article-standards.md|https://github.com/flaviostutz/xdrs-core.git|43d3e6cfe88f|file|7716fe005402|0
    - .xdrs/_core/adrs/principles/005-semantic-versioning-for-xdrs-packages.md|https://github.com/flaviostutz/xdrs-core.git|43d3e6cfe88f|file|57c9bbb2af53|0
    - .xdrs/_core/adrs/principles/007-plan-standards.md|https://github.com/flaviostutz/xdrs-core.git|43d3e6cfe88f|file|35a5617fee1f|0
    - .xdrs/_core/adrs/principles/009-presentation-standards.md|https://github.com/flaviostutz/xdrs-core.git|43d3e6cfe88f|file|51baf074b777|0
    - .xdrs/_core/adrs/principles/003-skill-standards.md|https://github.com/flaviostutz/xdrs-core.git|b6752be0341c|file|923d638c9f01|0
    - .xdrs/_core/adrs/principles/006-research-standards.md|https://github.com/flaviostutz/xdrs-core.git|b6752be0341c|file|122304c9dab2|0
    - .xdrs/_core/adrs/principles/010-scope-governance.md|https://github.com/flaviostutz/xdrs-core.git|b6752be0341c|file|53388e671fd6|0
    - .xdrs/_core/adrs/principles/013-platform-scope-type.md|https://github.com/flaviostutz/xdrs-core.git|b6752be0341c|file|8acc355177c7|0
    - .xdrs/_core/adrs/principles/014-standard-scope-type.md|https://github.com/flaviostutz/xdrs-core.git|b6752be0341c|file|4d350c74e7d4|0
    - .xdrs/_core/adrs/principles/015-local-scope-type.md|https://github.com/flaviostutz/xdrs-core.git|b6752be0341c|file|d48a4585c0b1|0
    - .xdrs/_core/adrs/principles/articles/001-xdrs-overview.md|https://github.com/flaviostutz/xdrs-core.git|b6752be0341c|file|346ac011e9b5|0
    - .xdrs/_core/adrs/principles/011-core-scope-type.md|https://github.com/flaviostutz/xdrs-core.git|fc77e1f9be36|file|daae7fa6f1f8|0
    - .xdrs/_core/index.md|https://github.com/flaviostutz/xdrs-core.git|13b928c4167d|file|45647b095bc9|0
    - .xdrs/_core/adrs/principles/008-policy-structured-standards.md|https://github.com/flaviostutz/xdrs-core.git|2ffac37dcd8d|file|f05b6d4421c7|0
    - .xdrs/_core/adrs/principles/012-reference-scope-type.md|https://github.com/flaviostutz/xdrs-core.git|683f928d9a0c|file|825f286e85a6|0
    - .xdrs/_core/adrs/principles/017-policy-numbering-ranges.md|https://github.com/flaviostutz/xdrs-core.git|fde4f16c0fff|file|5c6febe306e6|0
    - .xdrs/_core/adrs/index.md|https://github.com/flaviostutz/xdrs-core.git|fde4f16c0fff|file|c5913b5dbe28|0
    - .xdrs/_core/adrs/principles/001-xdrs-core.md|https://github.com/flaviostutz/xdrs-core.git|fde4f16c0fff|file|2296e5b1254b|0
    - .xdrs/_core/adrs/principles/002-policy-standards.md|https://github.com/flaviostutz/xdrs-core.git|fde4f16c0fff|file|da9e67cd368e|0
    - .xdrs/_core/adrs/principles/016-policy-subjects.md|https://github.com/flaviostutz/xdrs-core.git|fde4f16c0fff|file|59f33367821c|0
    - .xdrs/_core/adrs/principles/skills/001-review/SKILL.md|https://github.com/flaviostutz/xdrs-core.git|875b3570138a|file|388a4aaed1d0|0
    - .xdrs/_core/adrs/principles/skills/002-write-policy/SKILL.md|https://github.com/flaviostutz/xdrs-core.git|875b3570138a|file|f76aad418ee9|0
    - .xdrs/_core/adrs/principles/skills/003-write-skill/SKILL.md|https://github.com/flaviostutz/xdrs-core.git|875b3570138a|file|92a508372639|0
    - .xdrs/_core/adrs/principles/skills/004-write-article/SKILL.md|https://github.com/flaviostutz/xdrs-core.git|875b3570138a|file|557d2e29a8bf|0
    - .xdrs/_core/adrs/principles/skills/005-write-research/SKILL.md|https://github.com/flaviostutz/xdrs-core.git|875b3570138a|file|853e200adab2|0
    - .xdrs/_core/adrs/principles/skills/006-write-plan/SKILL.md|https://github.com/flaviostutz/xdrs-core.git|875b3570138a|file|95d3eeb77921|0
    - .xdrs/_core/adrs/principles/skills/007-write-presentation/SKILL.md|https://github.com/flaviostutz/xdrs-core.git|875b3570138a|file|502cffaf38bc|0
    - .xdrs/_core/adrs/principles/skills/008-write-xdrs-doc/SKILL.md|https://github.com/flaviostutz/xdrs-core.git|875b3570138a|file|5fd25f668a47|0
checksum: b9d6bb69e1cb

