lockfileVersion: '9.0'

settings:
  autoInstallPeers: true
  excludeLinksFromLockfile: false

importers:

  .:
    dependencies:
      filedist:
        specifier: ^0.34.1
        version: 0.34.1
    devDependencies:
      xdrs-core:
        specifier: ^0.28.0
        version: 0.28.0

packages:

  argparse@2.0.1:
    resolution: {integrity: sha512-8+9WqebbFzpX9OR+Wa6O29asIogeRMzcGtAINdpMHHyAg10f05aSFVBbcEqGf/PXw1EjAZ+q2/bEBg3DvurK3Q==}

  balanced-match@4.0.4:
    resolution: {integrity: sha512-BLrgEcRTwX2o6gGxGOCNyMvGSp35YofuYzw9h1IMTRmKqttAZZVU67bdb9Pr2vUHA8+j3i2tJfjO6C6+4myGTA==}
    engines: {node: 18 || 20 || >=22}

  brace-expansion@5.0.5:
    resolution: {integrity: sha512-VZznLgtwhn+Mact9tfiwx64fA9erHH/MCXEUfB/0bX/6Fz6ny5EGTXYltMocqg4xFAQZtnO3DHWWXi8RiuN7cQ==}
    engines: {node: 18 || 20 || >=22}

  filedist@0.34.1:
    resolution: {integrity: sha512-Sw2lTHqUibxHAIxG38Stc6i3lV2EKByhx1iYzgtY+FeMjeQsWm/5MNLAIuu+k5LIIKauEqzKwA+gvcCY1cTBBQ==}
    hasBin: true

  ignore@7.0.5:
    resolution: {integrity: sha512-Hs59xBNfUIunMFgWAbGX5cq6893IbWg4KnrjbYwX3tx0ztorVgTDA6B2sxf8ejHJ4wz8BqGUMYlnzNBer5NvGg==}
    engines: {node: '>= 4'}

  js-yaml@4.1.1:
    resolution: {integrity: sha512-qQKT4zQxXl8lLwBtHMWwaTcGfFOZviOJet3Oy/xmGk2gZH677CJM9EvtfdSkgWcATZhj/55JZ0rmy3myCT5lsA==}
    hasBin: true

  minimatch@10.2.5:
    resolution: {integrity: sha512-MULkVLfKGYDFYejP07QOurDLLQpcjk7Fw+7jXS2R2czRQzR56yHRveU5NDJEOviH+hETZKSkIk5c+T23GjFUMg==}
    engines: {node: 18 || 20 || >=22}

  mypkg@1.0.0:
    resolution: {integrity: sha512-bUYxZK4prscFYS4f1NYXcZ+TJBjsx+BSdMA+7F3gXGdBRHCDBdVZS5vIlnEWzYuL2jeVNyJZWlFfTmLZMEOh8g==}

  package-manager-detector@1.6.0:
    resolution: {integrity: sha512-61A5ThoTiDG/C8s8UMZwSorAGwMJ0ERVGj2OjoW5pAalsNOg15+iQiPzrLJ4jhZ1HJzmC2PIHT2oEiH3R5fzNA==}

  semver@7.8.1:
    resolution: {integrity: sha512-rkVq3IXh+4FDGch+KwzX3aV9W3kO54GyEgpvBzSyctDA6Xtd7RJQV1xmXbeQp5v7+VzLOfVqiutSE6GICgPFvg==}
    engines: {node: '>=10'}
    hasBin: true

  xdrs-core@0.28.0:
    resolution: {integrity: sha512-qJf84nyU8AK7fWBNk7tJBW04oxSPbTVoTC/1/4C1e3MQ6489oWgDWCeN+hr3NveRjRwG7XsprpfQioADQsq1fQ==}
    hasBin: true

snapshots:

  argparse@2.0.1: {}

  balanced-match@4.0.4: {}

  brace-expansion@5.0.5:
    dependencies:
      balanced-match: 4.0.4

  filedist@0.34.1:
    dependencies:
      ignore: 7.0.5
      js-yaml: 4.1.1
      minimatch: 10.2.5
      mypkg: 1.0.0
      package-manager-detector: 1.6.0
      semver: 7.8.1

  ignore@7.0.5: {}

  js-yaml@4.1.1:
    dependencies:
      argparse: 2.0.1

  minimatch@10.2.5:
    dependencies:
      brace-expansion: 5.0.5

  mypkg@1.0.0: {}

  package-manager-detector@1.6.0: {}

  semver@7.8.1: {}

  xdrs-core@0.28.0:
    dependencies:
      filedist: 0.34.1
      ignore: 7.0.5
      minimatch: 10.2.5
