version: 1
packages:
  agentme: 0.0.1
  xdrs-core@0.41.0: 0.41.0
sets:
  - package: agentme
    selector:
      presets:
        - core
    output:
      path: ./output
files:
  output:
    - .agents/skills/001-review|xdrs-core|0.30.0|symlink|18c5f3a037d4|0
    - .agents/skills/008-write-xdrs-doc|xdrs-core|0.30.0|symlink|c3a23ff52f24|0
    - .xdrs/_core/adrs/index.md|xdrs-core|0.41.0|file|c5913b5dbe28|0
    - .xdrs/_core/adrs/principles/001-xdrs-core.md|xdrs-core|0.41.0|file|2296e5b1254b|0
    - .xdrs/_core/adrs/principles/002-policy-standards.md|xdrs-core|0.41.0|file|da9e67cd368e|0
    - .xdrs/_core/adrs/principles/003-skill-standards.md|xdrs-core|0.41.0|file|923d638c9f01|0
    - .xdrs/_core/adrs/principles/004-article-standards.md|xdrs-core|0.41.0|file|7716fe005402|0
    - .xdrs/_core/adrs/principles/005-semantic-versioning-for-xdrs-packages.md|xdrs-core|0.41.0|file|57c9bbb2af53|0
    - .xdrs/_core/adrs/principles/006-research-standards.md|xdrs-core|0.41.0|file|122304c9dab2|0
    - .xdrs/_core/adrs/principles/007-plan-standards.md|xdrs-core|0.41.0|file|35a5617fee1f|0
    - .xdrs/_core/adrs/principles/008-policy-structured-standards.md|xdrs-core|0.41.0|file|f05b6d4421c7|0
    - .xdrs/_core/adrs/principles/009-presentation-standards.md|xdrs-core|0.41.0|file|51baf074b777|0
    - .xdrs/_core/adrs/principles/010-scope-governance.md|xdrs-core|0.41.0|file|53388e671fd6|0
    - .xdrs/_core/adrs/principles/011-core-scope-type.md|xdrs-core|0.41.0|file|daae7fa6f1f8|0
    - .xdrs/_core/adrs/principles/012-reference-scope-type.md|xdrs-core|0.41.0|file|825f286e85a6|0
    - .xdrs/_core/adrs/principles/013-platform-scope-type.md|xdrs-core|0.41.0|file|8acc355177c7|0
    - .xdrs/_core/adrs/principles/014-standard-scope-type.md|xdrs-core|0.41.0|file|4d350c74e7d4|0
    - .xdrs/_core/adrs/principles/015-local-scope-type.md|xdrs-core|0.41.0|file|d48a4585c0b1|0
    - .xdrs/_core/adrs/principles/016-policy-subjects.md|xdrs-core|0.41.0|file|59f33367821c|0
    - .xdrs/_core/adrs/principles/017-policy-numbering-ranges.md|xdrs-core|0.41.0|file|5c6febe306e6|0
    - .xdrs/_core/adrs/principles/articles/.assets/001-xdrs-overview-slides.md|xdrs-core|0.41.0|file|d4071aa47a37|0
    - .xdrs/_core/adrs/principles/articles/001-xdrs-overview.md|xdrs-core|0.41.0|file|346ac011e9b5|0
    - .xdrs/_core/adrs/principles/skills/001-review/SKILL.md|xdrs-core|0.41.0|file|388a4aaed1d0|0
    - .xdrs/_core/adrs/principles/skills/002-write-policy/SKILL.md|xdrs-core|0.41.0|file|f76aad418ee9|0
    - .xdrs/_core/adrs/principles/skills/003-write-skill/SKILL.md|xdrs-core|0.41.0|file|92a508372639|0
    - .xdrs/_core/adrs/principles/skills/004-write-article/SKILL.md|xdrs-core|0.41.0|file|557d2e29a8bf|0
    - .xdrs/_core/adrs/principles/skills/005-write-research/SKILL.md|xdrs-core|0.41.0|file|853e200adab2|0
    - .xdrs/_core/adrs/principles/skills/006-write-plan/SKILL.md|xdrs-core|0.41.0|file|95d3eeb77921|0
    - .xdrs/_core/adrs/principles/skills/007-write-presentation/SKILL.md|xdrs-core|0.41.0|file|502cffaf38bc|0
    - .xdrs/_core/adrs/principles/skills/008-write-xdrs-doc/SKILL.md|xdrs-core|0.41.0|file|5fd25f668a47|0
    - .xdrs/_core/index.md|xdrs-core|0.41.0|file|45647b095bc9|0
    - AGENTS.md|xdrs-core|0.41.0|file|4957a7502eef|0
    - .xdrs/agentme/edrs/application/skills/004-select-relevant-xdrs/SKILL.md|agentme|0.0.1|file|90912776040b|0
checksum: 256c25ebf05c

